<?xml version="1.0" encoding="utf-8"?>
<Project ToolsVersion="4.0" xmlns="http://schemas.microsoft.com/developer/msbuild/2003">
  <ItemGroup>
    <Filter Include="Source files">
      <UniqueIdentifier>{ae5fd58e-c11a-4be7-9aa5-9a7871d51c74}</UniqueIdentifier>
      <Extensions>cpp;c;cc;cxx;def;odl;idl;hpj;bat;asm;asmx</Extensions>
    </Filter>
    <Filter Include="Header files">
      <UniqueIdentifier>{97e1c509-b084-41e7-ae1e-d2d24672a03c}</UniqueIdentifier>
      <Extensions>h;hpp;hxx;hm;inl;inc;xsd</Extensions>
    </Filter>
    <Filter Include="Resource files">
      <UniqueIdentifier>{51e5e18f-aa46-4eb6-adfe-ee5e60662d39}</UniqueIdentifier>
      <Extensions>rc;ico;cur;bmp;dlg;rc2;rct;bin;rgs;gif;jpg;jpeg;jpe;resx;tiff;tif;png;wav</Extensions>
    </Filter>
    <Filter Include="Source files\Core">
      <UniqueIdentifier>{551bde76-fe22-4356-9a54-f5ce52e4410d}</UniqueIdentifier>
    </Filter>
    <Filter Include="Source files\Core\Inc">
      <UniqueIdentifier>{efa897fa-7537-42e0-8527-5475b24c4d1c}</UniqueIdentifier>
    </Filter>
    <Filter Include="Source files\Core\Src">
      <UniqueIdentifier>{e0c4bee3-f0cd-45cd-914d-db75b1901c00}</UniqueIdentifier>
    </Filter>
    <Filter Include="Source files\Core\Startup">
      <UniqueIdentifier>{be8359fb-967a-4c25-8441-7db3ceadd9b8}</UniqueIdentifier>
    </Filter>
    <Filter Include="Source files\Drivers">
      <UniqueIdentifier>{d5aaa486-0987-4e80-88ec-77ee0370a71d}</UniqueIdentifier>
    </Filter>
    <Filter Include="Source files\Drivers\CMSIS">
      <UniqueIdentifier>{5a348392-b8fb-455a-8183-f221b48b3a3c}</UniqueIdentifier>
    </Filter>
    <Filter Include="Source files\Drivers\CMSIS\Device">
      <UniqueIdentifier>{1eac7ed5-e7d8-468f-a1de-42a40cc2a33e}</UniqueIdentifier>
    </Filter>
    <Filter Include="Source files\Drivers\CMSIS\Device\ST">
      <UniqueIdentifier>{247f4a1f-a45c-4420-b65e-2094b066b8e1}</UniqueIdentifier>
    </Filter>
    <Filter Include="Source files\Drivers\CMSIS\Device\ST\STM32L1xx">
      <UniqueIdentifier>{edc45315-e83c-4d6a-b3b3-61be45ea7c68}</UniqueIdentifier>
    </Filter>
    <Filter Include="Source files\Drivers\CMSIS\Device\ST\STM32L1xx\Include">
      <UniqueIdentifier>{1945c3f8-dc72-4d25-ade5-aa82383032b6}</UniqueIdentifier>
    </Filter>
    <Filter Include="Source files\Drivers\CMSIS\Include">
      <UniqueIdentifier>{d797ed0f-bd78-454c-ae0b-76d1a63a5b66}</UniqueIdentifier>
    </Filter>
    <Filter Include="Source files\Drivers\STM32L1xx_HAL_Driver">
      <UniqueIdentifier>{49214725-106a-4e28-9fdf-e523e2e480b9}</UniqueIdentifier>
    </Filter>
    <Filter Include="Source files\Drivers\STM32L1xx_HAL_Driver\Inc">
      <UniqueIdentifier>{b22d2a24-a9f1-4687-928f-c2a6158e41c9}</UniqueIdentifier>
    </Filter>
    <Filter Include="Source files\Drivers\STM32L1xx_HAL_Driver\Inc\Legacy">
      <UniqueIdentifier>{c386b17f-317b-4072-b0d7-435e99884372}</UniqueIdentifier>
    </Filter>
    <Filter Include="Source files\Drivers\STM32L1xx_HAL_Driver\Src">
      <UniqueIdentifier>{97130335-fc34-4345-99b6-4b56c507f8a5}</UniqueIdentifier>
    </Filter>
    <Filter Include="Source files\Device-specific files">
      <UniqueIdentifier>{75619abd-41e3-4105-93ae-c39d8230b243}</UniqueIdentifier>
    </Filter>
    <Filter Include="Header files\Core">
      <UniqueIdentifier>{d58976ee-6f2a-4157-8b6b-2bccdc0814de}</UniqueIdentifier>
    </Filter>
    <Filter Include="Header files\Core\Inc">
      <UniqueIdentifier>{87b539a4-b8e3-4334-8b15-86b7b70d4de3}</UniqueIdentifier>
    </Filter>
    <Filter Include="Header files\Core\Src">
      <UniqueIdentifier>{5c2500d5-7c61-4b6c-94aa-03ce8184ea9a}</UniqueIdentifier>
    </Filter>
    <Filter Include="Header files\Core\Startup">
      <UniqueIdentifier>{6a9ec0db-e37b-45bb-a27c-60799dd27b6d}</UniqueIdentifier>
    </Filter>
    <Filter Include="Header files\Drivers">
      <UniqueIdentifier>{bff6355c-030d-4293-9468-cbd9fbfa8b20}</UniqueIdentifier>
    </Filter>
    <Filter Include="Header files\Drivers\CMSIS">
      <UniqueIdentifier>{2a633d2b-ff33-4dca-b34f-68ac29120c79}</UniqueIdentifier>
    </Filter>
    <Filter Include="Header files\Drivers\CMSIS\Device">
      <UniqueIdentifier>{96fb88e5-e45c-49c2-a799-8eadec9f57a8}</UniqueIdentifier>
    </Filter>
    <Filter Include="Header files\Drivers\CMSIS\Device\ST">
      <UniqueIdentifier>{3381d275-0b49-443b-8c17-0b02a204d301}</UniqueIdentifier>
    </Filter>
    <Filter Include="Header files\Drivers\CMSIS\Device\ST\STM32L1xx">
      <UniqueIdentifier>{aaff7b35-e808-40c9-ab31-5ab02cded500}</UniqueIdentifier>
    </Filter>
    <Filter Include="Header files\Drivers\CMSIS\Device\ST\STM32L1xx\Include">
      <UniqueIdentifier>{033a2e34-5a7e-497e-8d03-fc8b7cf81825}</UniqueIdentifier>
    </Filter>
    <Filter Include="Header files\Drivers\CMSIS\Include">
      <UniqueIdentifier>{5d672f69-8734-488d-890d-a31c10ded60e}</UniqueIdentifier>
    </Filter>
    <Filter Include="Header files\Drivers\STM32L1xx_HAL_Driver">
      <UniqueIdentifier>{b8457640-0863-4174-81b7-b5601c7ddf1d}</UniqueIdentifier>
    </Filter>
    <Filter Include="Header files\Drivers\STM32L1xx_HAL_Driver\Inc">
      <UniqueIdentifier>{59720b1a-4e68-463a-9374-24d7cc7fbd92}</UniqueIdentifier>
    </Filter>
    <Filter Include="Header files\Drivers\STM32L1xx_HAL_Driver\Inc\Legacy">
      <UniqueIdentifier>{4ee451d6-8f60-4b42-a2a9-bb9e9b53f8c0}</UniqueIdentifier>
    </Filter>
    <Filter Include="Header files\Drivers\STM32L1xx_HAL_Driver\Src">
      <UniqueIdentifier>{6f59a10c-7895-4ffd-b363-252d7721a64c}</UniqueIdentifier>
    </Filter>
    <Filter Include="Header files\Device-specific files">
      <UniqueIdentifier>{3c5acf2a-7c04-4519-bede-f9e8e48749ef}</UniqueIdentifier>
    </Filter>
    <Filter Include="VisualGDB settings">
      <UniqueIdentifier>{d73c4b60-f2c9-4118-ba1e-9632b8ff8be1}</UniqueIdentifier>
    </Filter>
  </ItemGroup>
  <ItemGroup>
    <ClInclude Include="..\Core\Inc\main.h">
      <Filter>Source files\Core\Inc</Filter>
    </ClInclude>
    <ClInclude Include="..\Core\Inc\stm32l1xx_hal_conf.h">
      <Filter>Source files\Core\Inc</Filter>
    </ClInclude>
    <ClInclude Include="..\Core\Inc\stm32l1xx_it.h">
      <Filter>Source files\Core\Inc</Filter>
    </ClInclude>
    <ClCompile Include="..\Core\Src\main.c">
      <Filter>Source files\Core\Src</Filter>
    </ClCompile>
    <ClCompile Include="..\Core\Src\stm32l1xx_hal_msp.c">
      <Filter>Source files\Core\Src</Filter>
    </ClCompile>
    <ClCompile Include="..\Core\Src\stm32l1xx_it.c">
      <Filter>Source files\Core\Src</Filter>
    </ClCompile>
    <ClCompile Include="..\Core\Src\syscalls.c">
      <Filter>Source files\Core\Src</Filter>
    </ClCompile>
    <ClCompile Include="..\Core\Src\sysmem.c">
      <Filter>Source files\Core\Src</Filter>
    </ClCompile>
    <ClCompile Include="..\Core\Src\system_stm32l1xx.c">
      <Filter>Source files\Core\Src</Filter>
    </ClCompile>
    <ClCompile Include="..\Core\Startup\startup_stm32l152rctx.S">
      <Filter>Source files\Core\Startup</Filter>
    </ClCompile>
    <ClInclude Include="..\Drivers\CMSIS\Device\ST\STM32L1xx\Include\stm32l152xc.h">
      <Filter>Source files\Drivers\CMSIS\Device\ST\STM32L1xx\Include</Filter>
    </ClInclude>
    <ClInclude Include="..\Drivers\CMSIS\Device\ST\STM32L1xx\Include\stm32l1xx.h">
      <Filter>Source files\Drivers\CMSIS\Device\ST\STM32L1xx\Include</Filter>
    </ClInclude>
    <ClInclude Include="..\Drivers\CMSIS\Device\ST\STM32L1xx\Include\system_stm32l1xx.h">
      <Filter>Source files\Drivers\CMSIS\Device\ST\STM32L1xx\Include</Filter>
    </ClInclude>
    <ClInclude Include="..\Drivers\CMSIS\Include\cmsis_armcc.h">
      <Filter>Source files\Drivers\CMSIS\Include</Filter>
    </ClInclude>
    <ClInclude Include="..\Drivers\CMSIS\Include\cmsis_armclang.h">
      <Filter>Source files\Drivers\CMSIS\Include</Filter>
    </ClInclude>
    <ClInclude Include="..\Drivers\CMSIS\Include\cmsis_compiler.h">
      <Filter>Source files\Drivers\CMSIS\Include</Filter>
    </ClInclude>
    <ClInclude Include="..\Drivers\CMSIS\Include\cmsis_gcc.h">
      <Filter>Source files\Drivers\CMSIS\Include</Filter>
    </ClInclude>
    <ClInclude Include="..\Drivers\CMSIS\Include\cmsis_iccarm.h">
      <Filter>Source files\Drivers\CMSIS\Include</Filter>
    </ClInclude>
    <ClInclude Include="..\Drivers\CMSIS\Include\cmsis_version.h">
      <Filter>Source files\Drivers\CMSIS\Include</Filter>
    </ClInclude>
    <ClInclude Include="..\Drivers\CMSIS\Include\core_armv8mbl.h">
      <Filter>Source files\Drivers\CMSIS\Include</Filter>
    </ClInclude>
    <ClInclude Include="..\Drivers\CMSIS\Include\core_armv8mml.h">
      <Filter>Source files\Drivers\CMSIS\Include</Filter>
    </ClInclude>
    <ClInclude Include="..\Drivers\CMSIS\Include\core_cm0.h">
      <Filter>Source files\Drivers\CMSIS\Include</Filter>
    </ClInclude>
    <ClInclude Include="..\Drivers\CMSIS\Include\core_cm0plus.h">
      <Filter>Source files\Drivers\CMSIS\Include</Filter>
    </ClInclude>
    <ClInclude Include="..\Drivers\CMSIS\Include\core_cm1.h">
      <Filter>Source files\Drivers\CMSIS\Include</Filter>
    </ClInclude>
    <ClInclude Include="..\Drivers\CMSIS\Include\core_cm23.h">
      <Filter>Source files\Drivers\CMSIS\Include</Filter>
    </ClInclude>
    <ClInclude Include="..\Drivers\CMSIS\Include\core_cm3.h">
      <Filter>Source files\Drivers\CMSIS\Include</Filter>
    </ClInclude>
    <ClInclude Include="..\Drivers\CMSIS\Include\core_cm33.h">
      <Filter>Source files\Drivers\CMSIS\Include</Filter>
    </ClInclude>
    <ClInclude Include="..\Drivers\CMSIS\Include\core_cm4.h">
      <Filter>Source files\Drivers\CMSIS\Include</Filter>
    </ClInclude>
    <ClInclude Include="..\Drivers\CMSIS\Include\core_cm7.h">
      <Filter>Source files\Drivers\CMSIS\Include</Filter>
    </ClInclude>
    <ClInclude Include="..\Drivers\CMSIS\Include\core_sc000.h">
      <Filter>Source files\Drivers\CMSIS\Include</Filter>
    </ClInclude>
    <ClInclude Include="..\Drivers\CMSIS\Include\core_sc300.h">
      <Filter>Source files\Drivers\CMSIS\Include</Filter>
    </ClInclude>
    <ClInclude Include="..\Drivers\CMSIS\Include\mpu_armv7.h">
      <Filter>Source files\Drivers\CMSIS\Include</Filter>
    </ClInclude>
    <ClInclude Include="..\Drivers\CMSIS\Include\mpu_armv8.h">
      <Filter>Source files\Drivers\CMSIS\Include</Filter>
    </ClInclude>
    <ClInclude Include="..\Drivers\CMSIS\Include\tz_context.h">
      <Filter>Source files\Drivers\CMSIS\Include</Filter>
    </ClInclude>
    <ClInclude Include="..\Drivers\STM32L1xx_HAL_Driver\Inc\stm32l1xx_hal.h">
      <Filter>Source files\Drivers\STM32L1xx_HAL_Driver\Inc</Filter>
    </ClInclude>
    <ClInclude Include="..\Drivers\STM32L1xx_HAL_Driver\Inc\stm32l1xx_hal_cortex.h">
      <Filter>Source files\Drivers\STM32L1xx_HAL_Driver\Inc</Filter>
    </ClInclude>
    <ClInclude Include="..\Drivers\STM32L1xx_HAL_Driver\Inc\stm32l1xx_hal_def.h">
      <Filter>Source files\Drivers\STM32L1xx_HAL_Driver\Inc</Filter>
    </ClInclude>
    <ClInclude Include="..\Drivers\STM32L1xx_HAL_Driver\Inc\stm32l1xx_hal_dma.h">
      <Filter>Source files\Drivers\STM32L1xx_HAL_Driver\Inc</Filter>
    </ClInclude>
    <ClInclude Include="..\Drivers\STM32L1xx_HAL_Driver\Inc\stm32l1xx_hal_exti.h">
      <Filter>Source files\Drivers\STM32L1xx_HAL_Driver\Inc</Filter>
    </ClInclude>
    <ClInclude Include="..\Drivers\STM32L1xx_HAL_Driver\Inc\stm32l1xx_hal_flash.h">
      <Filter>Source files\Drivers\STM32L1xx_HAL_Driver\Inc</Filter>
    </ClInclude>
    <ClInclude Include="..\Drivers\STM32L1xx_HAL_Driver\Inc\stm32l1xx_hal_flash_ex.h">
      <Filter>Source files\Drivers\STM32L1xx_HAL_Driver\Inc</Filter>
    </ClInclude>
    <ClInclude Include="..\Drivers\STM32L1xx_HAL_Driver\Inc\stm32l1xx_hal_flash_ramfunc.h">
      <Filter>Source files\Drivers\STM32L1xx_HAL_Driver\Inc</Filter>
    </ClInclude>
    <ClInclude Include="..\Drivers\STM32L1xx_HAL_Driver\Inc\stm32l1xx_hal_gpio.h">
      <Filter>Source files\Drivers\STM32L1xx_HAL_Driver\Inc</Filter>
    </ClInclude>
    <ClInclude Include="..\Drivers\STM32L1xx_HAL_Driver\Inc\stm32l1xx_hal_gpio_ex.h">
      <Filter>Source files\Drivers\STM32L1xx_HAL_Driver\Inc</Filter>
    </ClInclude>
    <ClInclude Include="..\Drivers\STM32L1xx_HAL_Driver\Inc\stm32l1xx_hal_pwr.h">
      <Filter>Source files\Drivers\STM32L1xx_HAL_Driver\Inc</Filter>
    </ClInclude>
    <ClInclude Include="..\Drivers\STM32L1xx_HAL_Driver\Inc\stm32l1xx_hal_pwr_ex.h">
      <Filter>Source files\Drivers\STM32L1xx_HAL_Driver\Inc</Filter>
    </ClInclude>
    <ClInclude Include="..\Drivers\STM32L1xx_HAL_Driver\Inc\stm32l1xx_hal_rcc.h">
      <Filter>Source files\Drivers\STM32L1xx_HAL_Driver\Inc</Filter>
    </ClInclude>
    <ClInclude Include="..\Drivers\STM32L1xx_HAL_Driver\Inc\stm32l1xx_hal_rcc_ex.h">
      <Filter>Source files\Drivers\STM32L1xx_HAL_Driver\Inc</Filter>
    </ClInclude>
    <ClInclude Include="..\Drivers\STM32L1xx_HAL_Driver\Inc\stm32l1xx_hal_rtc.h">
      <Filter>Source files\Drivers\STM32L1xx_HAL_Driver\Inc</Filter>
    </ClInclude>
    <ClInclude Include="..\Drivers\STM32L1xx_HAL_Driver\Inc\stm32l1xx_hal_rtc_ex.h">
      <Filter>Source files\Drivers\STM32L1xx_HAL_Driver\Inc</Filter>
    </ClInclude>
    <ClInclude Include="..\Drivers\STM32L1xx_HAL_Driver\Inc\stm32l1xx_hal_tim.h">
      <Filter>Source files\Drivers\STM32L1xx_HAL_Driver\Inc</Filter>
    </ClInclude>
    <ClInclude Include="..\Drivers\STM32L1xx_HAL_Driver\Inc\stm32l1xx_hal_tim_ex.h">
      <Filter>Source files\Drivers\STM32L1xx_HAL_Driver\Inc</Filter>
    </ClInclude>
    <ClInclude Include="..\Drivers\STM32L1xx_HAL_Driver\Inc\stm32l1xx_hal_uart.h">
      <Filter>Source files\Drivers\STM32L1xx_HAL_Driver\Inc</Filter>
    </ClInclude>
    <ClInclude Include="..\Drivers\STM32L1xx_HAL_Driver\Inc\stm32l1xx_ll_bus.h">
      <Filter>Source files\Drivers\STM32L1xx_HAL_Driver\Inc</Filter>
    </ClInclude>
    <ClInclude Include="..\Drivers\STM32L1xx_HAL_Driver\Inc\stm32l1xx_ll_cortex.h">
      <Filter>Source files\Drivers\STM32L1xx_HAL_Driver\Inc</Filter>
    </ClInclude>
    <ClInclude Include="..\Drivers\STM32L1xx_HAL_Driver\Inc\stm32l1xx_ll_dma.h">
      <Filter>Source files\Drivers\STM32L1xx_HAL_Driver\Inc</Filter>
    </ClInclude>
    <ClInclude Include="..\Drivers\STM32L1xx_HAL_Driver\Inc\stm32l1xx_ll_exti.h">
      <Filter>Source files\Drivers\STM32L1xx_HAL_Driver\Inc</Filter>
    </ClInclude>
    <ClInclude Include="..\Drivers\STM32L1xx_HAL_Driver\Inc\stm32l1xx_ll_gpio.h">
      <Filter>Source files\Drivers\STM32L1xx_HAL_Driver\Inc</Filter>
    </ClInclude>
    <ClInclude Include="..\Drivers\STM32L1xx_HAL_Driver\Inc\stm32l1xx_ll_pwr.h">
      <Filter>Source files\Drivers\STM32L1xx_HAL_Driver\Inc</Filter>
    </ClInclude>
    <ClInclude Include="..\Drivers\STM32L1xx_HAL_Driver\Inc\stm32l1xx_ll_rcc.h">
      <Filter>Source files\Drivers\STM32L1xx_HAL_Driver\Inc</Filter>
    </ClInclude>
    <ClInclude Include="..\Drivers\STM32L1xx_HAL_Driver\Inc\stm32l1xx_ll_rtc.h">
      <Filter>Source files\Drivers\STM32L1xx_HAL_Driver\Inc</Filter>
    </ClInclude>
    <ClInclude Include="..\Drivers\STM32L1xx_HAL_Driver\Inc\stm32l1xx_ll_system.h">
      <Filter>Source files\Drivers\STM32L1xx_HAL_Driver\Inc</Filter>
    </ClInclude>
    <ClInclude Include="..\Drivers\STM32L1xx_HAL_Driver\Inc\stm32l1xx_ll_usart.h">
      <Filter>Source files\Drivers\STM32L1xx_HAL_Driver\Inc</Filter>
    </ClInclude>
    <ClInclude Include="..\Drivers\STM32L1xx_HAL_Driver\Inc\stm32l1xx_ll_utils.h">
      <Filter>Source files\Drivers\STM32L1xx_HAL_Driver\Inc</Filter>
    </ClInclude>
    <ClInclude Include="..\Drivers\STM32L1xx_HAL_Driver\Inc\Legacy\stm32_hal_legacy.h">
      <Filter>Source files\Drivers\STM32L1xx_HAL_Driver\Inc\Legacy</Filter>
    </ClInclude>
    <ClCompile Include="..\Drivers\STM32L1xx_HAL_Driver\Src\stm32l1xx_hal.c">
      <Filter>Source files\Drivers\STM32L1xx_HAL_Driver\Src</Filter>
    </ClCompile>
    <ClCompile Include="..\Drivers\STM32L1xx_HAL_Driver\Src\stm32l1xx_hal_cortex.c">
      <Filter>Source files\Drivers\STM32L1xx_HAL_Driver\Src</Filter>
    </ClCompile>
    <ClCompile Include="..\Drivers\STM32L1xx_HAL_Driver\Src\stm32l1xx_hal_dma.c">
      <Filter>Source files\Drivers\STM32L1xx_HAL_Driver\Src</Filter>
    </ClCompile>
    <ClCompile Include="..\Drivers\STM32L1xx_HAL_Driver\Src\stm32l1xx_hal_exti.c">
      <Filter>Source files\Drivers\STM32L1xx_HAL_Driver\Src</Filter>
    </ClCompile>
    <ClCompile Include="..\Drivers\STM32L1xx_HAL_Driver\Src\stm32l1xx_hal_flash.c">
      <Filter>Source files\Drivers\STM32L1xx_HAL_Driver\Src</Filter>
    </ClCompile>
    <ClCompile Include="..\Drivers\STM32L1xx_HAL_Driver\Src\stm32l1xx_hal_flash_ex.c">
      <Filter>Source files\Drivers\STM32L1xx_HAL_Driver\Src</Filter>
    </ClCompile>
    <ClCompile Include="..\Drivers\STM32L1xx_HAL_Driver\Src\stm32l1xx_hal_flash_ramfunc.c">
      <Filter>Source files\Drivers\STM32L1xx_HAL_Driver\Src</Filter>
    </ClCompile>
    <ClCompile Include="..\Drivers\STM32L1xx_HAL_Driver\Src\stm32l1xx_hal_gpio.c">
      <Filter>Source files\Drivers\STM32L1xx_HAL_Driver\Src</Filter>
    </ClCompile>
    <ClCompile Include="..\Drivers\STM32L1xx_HAL_Driver\Src\stm32l1xx_hal_pwr.c">
      <Filter>Source files\Drivers\STM32L1xx_HAL_Driver\Src</Filter>
    </ClCompile>
    <ClCompile Include="..\Drivers\STM32L1xx_HAL_Driver\Src\stm32l1xx_hal_pwr_ex.c">
      <Filter>Source files\Drivers\STM32L1xx_HAL_Driver\Src</Filter>
    </ClCompile>
    <ClCompile Include="..\Drivers\STM32L1xx_HAL_Driver\Src\stm32l1xx_hal_rcc.c">
      <Filter>Source files\Drivers\STM32L1xx_HAL_Driver\Src</Filter>
    </ClCompile>
    <ClCompile Include="..\Drivers\STM32L1xx_HAL_Driver\Src\stm32l1xx_hal_rcc_ex.c">
      <Filter>Source files\Drivers\STM32L1xx_HAL_Driver\Src</Filter>
    </ClCompile>
    <ClCompile Include="..\Drivers\STM32L1xx_HAL_Driver\Src\stm32l1xx_hal_rtc.c">
      <Filter>Source files\Drivers\STM32L1xx_HAL_Driver\Src</Filter>
    </ClCompile>
    <ClCompile Include="..\Drivers\STM32L1xx_HAL_Driver\Src\stm32l1xx_hal_rtc_ex.c">
      <Filter>Source files\Drivers\STM32L1xx_HAL_Driver\Src</Filter>
    </ClCompile>
    <ClCompile Include="..\Drivers\STM32L1xx_HAL_Driver\Src\stm32l1xx_hal_tim.c">
      <Filter>Source files\Drivers\STM32L1xx_HAL_Driver\Src</Filter>
    </ClCompile>
    <ClCompile Include="..\Drivers\STM32L1xx_HAL_Driver\Src\stm32l1xx_hal_tim_ex.c">
      <Filter>Source files\Drivers\STM32L1xx_HAL_Driver\Src</Filter>
    </ClCompile>
    <ClCompile Include="..\Drivers\STM32L1xx_HAL_Driver\Src\stm32l1xx_hal_uart.c">
      <Filter>Source files\Drivers\STM32L1xx_HAL_Driver\Src</Filter>
    </ClCompile>
    <None Include="stm32.props">
      <Filter>Source files\Device-specific files</Filter>
    </None>
    <None Include="EmbeddedProject1-Debug.vgdbsettings">
      <Filter>VisualGDB settings</Filter>
    </None>
    <None Include="EmbeddedProject1-Release.vgdbsettings">
      <Filter>VisualGDB settings</Filter>
    </None>
    <None Include="stm32.xml">
      <Filter>VisualGDB settings</Filter>
    </None>
  </ItemGroup>
</Project>